
Microsoft Visual Studio Solution File, Format Version 12.00
# Visual Studio Version 16
VisualStudioVersion = 16.0.31129.286
MinimumVisualStudioVersion = 10.0.40219.1
Project("{FAE04EC0-301F-11D3-BF4B-00C04F79EFBC}") = "Api", "Api\Api.csproj", "{71DBEB13-BBFD-4C7B-8999-5A9A49082EE9}"
EndProject
Global
	GlobalSection(SolutionConfigurationPlatforms) = preSolution
		Debug|Any CPU = Debug|Any CPU
		Release|Any CPU = Release|Any CPU
	EndGlobalSection
	GlobalSection(ProjectConfigurationPlatforms) = postSolution
		{71DBEB13-BBFD-4C7B-8999-5A9A49082EE9}.Debug|Any CPU.ActiveCfg = Debug|Any CPU
		{71DBEB13-BBFD-4C7B-8999-5A9A49082EE9}.Debug|Any CPU.Build.0 = Debug|Any CPU
		{71DBEB13-BBFD-4C7B-8999-5A9A49082EE9}.Release|Any CPU.ActiveCfg = Release|Any CPU
		{71DBEB13-BBFD-4C7B-8999-5A9A49082EE9}.Release|Any CPU.Build.0 = Release|Any CPU
	EndGlobalSection
	GlobalSection(SolutionProperties) = preSolution
		HideSolutionNode = FALSE
	EndGlobalSection
	GlobalSection(ExtensibilityGlobals) = postSolution
		SolutionGuid = {E248ED93-C566-4BDA-A301-D1B58515DB71}
	EndGlobalSection
EndGlobal
